
Microsoft Visual Studio Solution File, Format Version 12.00
# Visual Studio Version 17
VisualStudioVersion = 17.9.34607.119
MinimumVisualStudioVersion = 10.0.40219.1
Project("{FAE04EC0-301F-11D3-BF4B-00C04F79EFBC}") = "WebApplication1", "WebApplication1.csproj", "{32092F6D-E0AB-42CD-AF96-44ED749EFDE8}"
EndProject
Global
	GlobalSection(SolutionConfigurationPlatforms) = preSolution
		Debug|Any CPU = Debug|Any CPU
		Release|Any CPU = Release|Any CPU
	EndGlobalSection
	GlobalSection(ProjectConfigurationPlatforms) = postSolution
		{32092F6D-E0AB-42CD-AF96-44ED749EFDE8}.Debug|Any CPU.ActiveCfg = Debug|Any CPU
		{32092F6D-E0AB-42CD-AF96-44ED749EFDE8}.Debug|Any CPU.Build.0 = Debug|Any CPU
		{32092F6D-E0AB-42CD-AF96-44ED749EFDE8}.Release|Any CPU.ActiveCfg = Release|Any CPU
		{32092F6D-E0AB-42CD-AF96-44ED749EFDE8}.Release|Any CPU.Build.0 = Release|Any CPU
	EndGlobalSection
	GlobalSection(SolutionProperties) = preSolution
		HideSolutionNode = FALSE
	EndGlobalSection
	GlobalSection(ExtensibilityGlobals) = postSolution
		SolutionGuid = {D11C7429-32DF-45FF-A86F-F1E73786DB5D}
	EndGlobalSection
EndGlobal
